// !$*UTF8*$!
{
	archiveVersion = 1;
	classes = {
	};
	objectVersion = 46;
	objects = {

/* Begin PBXBuildFile section */
		5B7C3F52193EC9DB0004CC76 /* AppDelegate.swift in Sources */ = {isa = PBXBuildFile; fileRef = 5B7C3F51193EC9DB0004CC76 /* AppDelegate.swift */; };
		5B7C3F54193EC9DB0004CC76 /* ViewController.swift in Sources */ = {isa = PBXBuildFile; fileRef = 5B7C3F53193EC9DB0004CC76 /* ViewController.swift */; };
		5B7C3F59193EC9DB0004CC76 /* Images.xcassets in Resources */ = {isa = PBXBuildFile; fileRef = 5B7C3F58193EC9DB0004CC76 /* Images.xcassets */; };
		5B7C3F65193EC9DC0004CC76 /* PYTestProjectTests.swift in Sources */ = {isa = PBXBuildFile; fileRef = 5B7C3F64193EC9DC0004CC76 /* PYTestProjectTests.swift */; };
/* End PBXBuildFile section */

/* Begin PBXContainerItemProxy section */
		5B7C3F5F193EC9DB0004CC76 /* PBXContainerItemProxy */ = {
			isa = PBXContainerItemProxy;
			containerPortal = 5B7C3F44193EC9DB0004CC76 /* Project object */;
			proxyType = 1;
			remoteGlobalIDString = 5B7C3F4B193EC9DB0004CC76;
			remoteInfo = PYTestProject;
		};
/* End PBXContainerItemProxy section */

/* Begin PBXFileReference section */
		5B7C3F4C193EC9DB0004CC76 /* PYTestProject.app */ = {isa = PBXFileReference; explicitFileType = wrapper.application; includeInIndex = 0; path = PYTestProject.app; sourceTree = BUILT_PRODUCTS_DIR; };
		5B7C3F50193EC9DB0004CC76 /* Info.plist */ = {isa = PBXFileReference; lastKnownFileType = text.plist.xml; path = Info.plist; sourceTree = "<group>"; };
		5B7C3F51193EC9DB0004CC76 /* AppDelegate.swift */ = {isa = PBXFileReference; lastKnownFileType = sourcecode.swift; path = AppDelegate.swift; sourceTree = "<group>"; };
		5B7C3F53193EC9DB0004CC76 /* ViewController.swift */ = {isa = PBXFileReference; lastKnownFileType = sourcecode.swift; path = ViewController.swift; sourceTree = "<group>"; };
		5B7C3F58193EC9DB0004CC76 /* Images.xcassets */ = {isa = PBXFileReference; lastKnownFileType = folder.assetcatalog; path = Images.xcassets; sourceTree = "<group>"; };
		5B7C3F5E193EC9DB0004CC76 /* PYTestProjectTests.xctest */ = {isa = PBXFileReference; explicitFileType = wrapper.cfbundle; includeInIndex = 0; path = PYTestProjectTests.xctest; sourceTree = BUILT_PRODUCTS_DIR; };
		5B7C3F63193EC9DC0004CC76 /* Info.plist */ = {isa = PBXFileReference; lastKnownFileType = text.plist.xml; path = Info.plist; sourceTree = "<group>"; };
		5B7C3F64193EC9DC0004CC76 /* PYTestProjectTests.swift */ = {isa = PBXFileReference; lastKnownFileType = sourcecode.swift; path = PYTestProjectTests.swift; sourceTree = "<group>"; };
		5B7C3F6F193EED8C0004CC76 /* MyPlayground.playground */ = {isa = PBXFileReference; lastKnownFileType = file.playground; name = MyPlayground.playground; path = PYTestProject/MyPlayground.playground; sourceTree = "<group>"; };
/* End PBXFileReference section */

/* Begin PBXFrameworksBuildPhase section */
		5B7C3F49193EC9DB0004CC76 /* Frameworks */ = {
			isa = PBXFrameworksBuildPhase;
			buildActionMask = 2147483647;
			files = (
			);
			runOnlyForDeploymentPostprocessing = 0;
		};
		5B7C3F5B193EC9DB0004CC76 /* Frameworks */ = {
			isa = PBXFrameworksBuildPhase;
			buildActionMask = 2147483647;
			files = (
			);
			runOnlyForDeploymentPostprocessing = 0;
		};
/* End PBXFrameworksBuildPhase section */

/* Begin PBXGroup section */
		5B7C3F43193EC9DB0004CC76 = {
			isa = PBXGroup;
			children = (
				5B7C3F6F193EED8C0004CC76 /* MyPlayground.playground */,
				5B7C3F4E193EC9DB0004CC76 /* PYTestProject */,
				5B7C3F61193EC9DB0004CC76 /* PYTestProjectTests */,
				5B7C3F4D193EC9DB0004CC76 /* Products */,
			);
			sourceTree = "<group>";
		};
		5B7C3F4D193EC9DB0004CC76 /* Products */ = {
			isa = PBXGroup;
			children = (
				5B7C3F4C193EC9DB0004CC76 /* PYTestProject.app */,
				5B7C3F5E193EC9DB0004CC76 /* PYTestProjectTests.xctest */,
			);
			name = Products;
			sourceTree = "<group>";
		};
		5B7C3F4E193EC9DB0004CC76 /* PYTestProject */ = {
			isa = PBXGroup;
			children = (
				5B7C3F51193EC9DB0004CC76 /* AppDelegate.swift */,
				5B7C3F53193EC9DB0004CC76 /* ViewController.swift */,
				5B7C3F58193EC9DB0004CC76 /* Images.xcassets */,
				5B7C3F4F193EC9DB0004CC76 /* Supporting Files */,
			);
			path = PYTestProject;
			sourceTree = "<group>";
		};
		5B7C3F4F193EC9DB0004CC76 /* Supporting Files */ = {
			isa = PBXGroup;
			children = (
				5B7C3F50193EC9DB0004CC76 /* Info.plist */,
			);
			name = "Supporting Files";
			sourceTree = "<group>";
		};
		5B7C3F61193EC9DB0004CC76 /* PYTestProjectTests */ = {
			isa = PBXGroup;
			children = (
				5B7C3F64193EC9DC0004CC76 /* PYTestProjectTests.swift */,
				5B7C3F62193EC9DC0004CC76 /* Supporting Files */,
			);
			path = PYTestProjectTests;
			sourceTree = "<group>";
		};
		5B7C3F62193EC9DC0004CC76 /* Supporting Files */ = {
			isa = PBXGroup;
			children = (
				5B7C3F63193EC9DC0004CC76 /* Info.plist */,
			);
			name = "Supporting Files";
			sourceTree = "<group>";
		};
/* End PBXGroup section */

/* Begin PBXNativeTarget section */
		5B7C3F4B193EC9DB0004CC76 /* PYTestProject */ = {
			isa = PBXNativeTarget;
			buildConfigurationList = 5B7C3F68193EC9DC0004CC76 /* Build configuration list for PBXNativeTarget "PYTestProject" */;
			buildPhases = (
				5B7C3F48193EC9DB0004CC76 /* Sources */,
				5B7C3F49193EC9DB0004CC76 /* Frameworks */,
				5B7C3F4A193EC9DB0004CC76 /* Resources */,
			);
			buildRules = (
			);
			dependencies = (
			);
			name = PYTestProject;
			productName = PYTestProject;
			productReference = 5B7C3F4C193EC9DB0004CC76 /* PYTestProject.app */;
			productType = "com.apple.product-type.application";
		};
		5B7C3F5D193EC9DB0004CC76 /* PYTestProjectTests */ = {
			isa = PBXNativeTarget;
			buildConfigurationList = 5B7C3F6B193EC9DC0004CC76 /* Build configuration list for PBXNativeTarget "PYTestProjectTests" */;
			buildPhases = (
				5B7C3F5A193EC9DB0004CC76 /* Sources */,
				5B7C3F5B193EC9DB0004CC76 /* Frameworks */,
				5B7C3F5C193EC9DB0004CC76 /* Resources */,
			);
			buildRules = (
			);
			dependencies = (
				5B7C3F60193EC9DB0004CC76 /* PBXTargetDependency */,
			);
			name = PYTestProjectTests;
			productName = PYTestProjectTests;
			productReference = 5B7C3F5E193EC9DB0004CC76 /* PYTestProjectTests.xctest */;
			productType = "com.apple.product-type.bundle.unit-test";
		};
/* End PBXNativeTarget section */

/* Begin PBXProject section */
		5B7C3F44193EC9DB0004CC76 /* Project object */ = {
			isa = PBXProject;
			attributes = {
				LastUpgradeCheck = 0600;
				ORGANIZATIONNAME = juvid;
				TargetAttributes = {
					5B7C3F4B193EC9DB0004CC76 = {
						CreatedOnToolsVersion = 6.0;
					};
					5B7C3F5D193EC9DB0004CC76 = {
						CreatedOnToolsVersion = 6.0;
						TestTargetID = 5B7C3F4B193EC9DB0004CC76;
					};
				};
			};
			buildConfigurationList = 5B7C3F47193EC9DB0004CC76 /* Build configuration list for PBXProject "PYTestProject" */;
			compatibilityVersion = "Xcode 3.2";
			developmentRegion = English;
			hasScannedForEncodings = 0;
			knownRegions = (
				en,
				Base,
			);
			mainGroup = 5B7C3F43193EC9DB0004CC76;
			productRefGroup = 5B7C3F4D193EC9DB0004CC76 /* Products */;
			projectDirPath = "";
			projectRoot = "";
			targets = (
				5B7C3F4B193EC9DB0004CC76 /* PYTestProject */,
				5B7C3F5D193EC9DB0004CC76 /* PYTestProjectTests */,
			);
		};
/* End PBXProject section */

/* Begin PBXResourcesBuildPhase section */
		5B7C3F4A193EC9DB0004CC76 /* Resources */ = {
			isa = PBXResourcesBuildPhase;
			buildActionMask = 2147483647;
			files = (
				5B7C3F59193EC9DB0004CC76 /* Images.xcassets in Resources */,
			);
			runOnlyForDeploymentPostprocessing = 0;
		};
		5B7C3F5C193EC9DB0004CC76 /* Resources */ = {
			isa = PBXResourcesBuildPhase;
			buildActionMask = 2147483647;
			files = (
			);
			runOnlyForDeploymentPostprocessing = 0;
		};
/* End PBXResourcesBuildPhase section */

/* Begin PBXSourcesBuildPhase section */
		5B7C3F48193EC9DB0004CC76 /* Sources */ = {
			isa = PBXSourcesBuildPhase;
			buildActionMask = 2147483647;
			files = (
				5B7C3F54193EC9DB0004CC76 /* ViewController.swift in Sources */,
				5B7C3F52193EC9DB0004CC76 /* AppDelegate.swift in Sources */,
			);
			runOnlyForDeploymentPostprocessing = 0;
		};
		5B7C3F5A193EC9DB0004CC76 /* Sources */ = {
			isa = PBXSourcesBuildPhase;
			buildActionMask = 2147483647;
			files = (
				5B7C3F65193EC9DC0004CC76 /* PYTestProjectTests.swift in Sources */,
			);
			runOnlyForDeploymentPostprocessing = 0;
		};
/* End PBXSourcesBuildPhase section */

/* Begin PBXTargetDependency section */
		5B7C3F60193EC9DB0004CC76 /* PBXTargetDependency */ = {
			isa = PBXTargetDependency;
			target = 5B7C3F4B193EC9DB0004CC76 /* PYTestProject */;
			targetProxy = 5B7C3F5F193EC9DB0004CC76 /* PBXContainerItemProxy */;
		};
/* End PBXTargetDependency section */

/* Begin XCBuildConfiguration section */
		5B7C3F66193EC9DC0004CC76 /* Debug */ = {
			isa = XCBuildConfiguration;
			buildSettings = {
				ALWAYS_SEARCH_USER_PATHS = NO;
				CLANG_CXX_LANGUAGE_STANDARD = "gnu++0x";
				CLANG_CXX_LIBRARY = "libc++";
				CLANG_ENABLE_MODULES = YES;
				CLANG_ENABLE_OBJC_ARC = YES;
				CLANG_WARN_BOOL_CONVERSION = YES;
				CLANG_WARN_CONSTANT_CONVERSION = YES;
				CLANG_WARN_DIRECT_OBJC_ISA_USAGE = YES_ERROR;
				CLANG_WARN_EMPTY_BODY = YES;
				CLANG_WARN_ENUM_CONVERSION = YES;
				CLANG_WARN_INT_CONVERSION = YES;
				CLANG_WARN_OBJC_ROOT_CLASS = YES_ERROR;
				CLANG_WARN_UNREACHABLE_CODE = YES;
				CLANG_WARN__DUPLICATE_METHOD_MATCH = YES;
				"CODE_SIGN_IDENTITY[sdk=iphoneos*]" = "iPhone Developer";
				COPY_PHASE_STRIP = NO;
				ENABLE_STRICT_OBJC_MSGSEND = YES;
				GCC_C_LANGUAGE_STANDARD = gnu99;
				GCC_DYNAMIC_NO_PIC = NO;
				GCC_OPTIMIZATION_LEVEL = 0;
				GCC_PREPROCESSOR_DEFINITIONS = (
					"DEBUG=1",
					"$(inherited)",
				);
				GCC_SYMBOLS_PRIVATE_EXTERN = NO;
				GCC_WARN_64_TO_32_BIT_CONVERSION = YES;
				GCC_WARN_ABOUT_RETURN_TYPE = YES_ERROR;
				GCC_WARN_UNDECLARED_SELECTOR = YES;
				GCC_WARN_UNINITIALIZED_AUTOS = YES_AGGRESSIVE;
				GCC_WARN_UNUSED_FUNCTION = YES;
				GCC_WARN_UNUSED_VARIABLE = YES;
				IPHONEOS_DEPLOYMENT_TARGET = 8.0;
				METAL_ENABLE_DEBUG_INFO = YES;
				ONLY_ACTIVE_ARCH = YES;
				SDKROOT = iphoneos;
				SWIFT_OPTIMIZATION_LEVEL = "-Onone";
			};
			name = Debug;
		};
		5B7C3F67193EC9DC0004CC76 /* Release */ = {
			isa = XCBuildConfiguration;
			buildSettings = {
				ALWAYS_SEARCH_USER_PATHS = NO;
				CLANG_CXX_LANGUAGE_STANDARD = "gnu++0x";
				CLANG_CXX_LIBRARY = "libc++";
				CLANG_ENABLE_MODULES = YES;
				CLANG_ENABLE_OBJC_ARC = YES;
				CLANG_WARN_BOOL_CONVERSION = YES;
				CLANG_WARN_CONSTANT_CONVERSION = YES;
				CLANG_WARN_DIRECT_OBJC_ISA_USAGE = YES_ERROR;
				CLANG_WARN_EMPTY_BODY = YES;
				CLANG_WARN_ENUM_CONVERSION = YES;
				CLANG_WARN_INT_CONVERSION = YES;
				CLANG_WARN_OBJC_ROOT_CLASS = YES_ERROR;
				CLANG_WARN_UNREACHABLE_CODE = YES;
				CLANG_WARN__DUPLICATE_METHOD_MATCH = YES;
				"CODE_SIGN_IDENTITY[sdk=iphoneos*]" = "iPhone Developer";
				COPY_PHASE_STRIP = YES;
				ENABLE_NS_ASSERTIONS = NO;
				ENABLE_STRICT_OBJC_MSGSEND = YES;
				GCC_C_LANGUAGE_STANDARD = gnu99;
				GCC_WARN_64_TO_32_BIT_CONVERSION = YES;
				GCC_WARN_ABOUT_RETURN_TYPE = YES_ERROR;
				GCC_WARN_UNDECLARED_SELECTOR = YES;
				GCC_WARN_UNINITIALIZED_AUTOS = YES_AGGRESSIVE;
				GCC_WARN_UNUSED_FUNCTION = YES;
				GCC_WARN_UNUSED_VARIABLE = YES;
				IPHONEOS_DEPLOYMENT_TARGET = 8.0;
				METAL_ENABLE_DEBUG_INFO = NO;
				SDKROOT = iphoneos;
				VALIDATE_PRODUCT = YES;
			};
			name = Release;
		};
		5B7C3F69193EC9DC0004CC76 /* Debug */ = {
			isa = XCBuildConfiguration;
			buildSettings = {
				ASSETCATALOG_COMPILER_APPICON_NAME = AppIcon;
				ASSETCATALOG_COMPILER_LAUNCHIMAGE_NAME = LaunchImage;
				INFOPLIST_FILE = PYTestProject/Info.plist;
				LD_RUNPATH_SEARCH_PATHS = "$(inherited) @executable_path/Frameworks";
				PRODUCT_NAME = "$(TARGET_NAME)";
			};
			name = Debug;
		};
		5B7C3F6A193EC9DC0004CC76 /* Release */ = {
			isa = XCBuildConfiguration;
			buildSettings = {
				ASSETCATALOG_COMPILER_APPICON_NAME = AppIcon;
				ASSETCATALOG_COMPILER_LAUNCHIMAGE_NAME = LaunchImage;
				INFOPLIST_FILE = PYTestProject/Info.plist;
				LD_RUNPATH_SEARCH_PATHS = "$(inherited) @executable_path/Frameworks";
				PRODUCT_NAME = "$(TARGET_NAME)";
			};
			name = Release;
		};
		5B7C3F6C193EC9DC0004CC76 /* Debug */ = {
			isa = XCBuildConfiguration;
			buildSettings = {
				BUNDLE_LOADER = "$(BUILT_PRODUCTS_DIR)/PYTestProject.app/PYTestProject";
				FRAMEWORK_SEARCH_PATHS = (
					"$(SDKROOT)/Developer/Library/Frameworks",
					"$(inherited)",
				);
				GCC_PREPROCESSOR_DEFINITIONS = (
					"DEBUG=1",
					"$(inherited)",
				);
				INFOPLIST_FILE = PYTestProjectTests/Info.plist;
				LD_RUNPATH_SEARCH_PATHS = "$(inherited) @executable_path/Frameworks @loader_path/Frameworks";
				METAL_ENABLE_DEBUG_INFO = YES;
				PRODUCT_NAME = "$(TARGET_NAME)";
				TEST_HOST = "$(BUNDLE_LOADER)";
			};
			name = Debug;
		};
		5B7C3F6D193EC9DC0004CC76 /* Release */ = {
			isa = XCBuildConfiguration;
			buildSettings = {
				BUNDLE_LOADER = "$(BUILT_PRODUCTS_DIR)/PYTestProject.app/PYTestProject";
				FRAMEWORK_SEARCH_PATHS = (
					"$(SDKROOT)/Developer/Library/Frameworks",
					"$(inherited)",
				);
				INFOPLIST_FILE = PYTestProjectTests/Info.plist;
				LD_RUNPATH_SEARCH_PATHS = "$(inherited) @executable_path/Frameworks @loader_path/Frameworks";
				METAL_ENABLE_DEBUG_INFO = NO;
				PRODUCT_NAME = "$(TARGET_NAME)";
				TEST_HOST = "$(BUNDLE_LOADER)";
			};
			name = Release;
		};
/* End XCBuildConfiguration section */

/* Begin XCConfigurationList section */
		5B7C3F47193EC9DB0004CC76 /* Build configuration list for PBXProject "PYTestProject" */ = {
			isa = XCConfigurationList;
			buildConfigurations = (
				5B7C3F66193EC9DC0004CC76 /* Debug */,
				5B7C3F67193EC9DC0004CC76 /* Release */,
			);
			defaultConfigurationIsVisible = 0;
			defaultConfigurationName = Release;
		};
		5B7C3F68193EC9DC0004CC76 /* Build configuration list for PBXNativeTarget "PYTestProject" */ = {
			isa = XCConfigurationList;
			buildConfigurations = (
				5B7C3F69193EC9DC0004CC76 /* Debug */,
				5B7C3F6A193EC9DC0004CC76 /* Release */,
			);
			defaultConfigurationIsVisible = 0;
		};
		5B7C3F6B193EC9DC0004CC76 /* Build configuration list for PBXNativeTarget "PYTestProjectTests" */ = {
			isa = XCConfigurationList;
			buildConfigurations = (
				5B7C3F6C193EC9DC0004CC76 /* Debug */,
				5B7C3F6D193EC9DC0004CC76 /* Release */,
			);
			defaultConfigurationIsVisible = 0;
		};
/* End XCConfigurationList section */
	};
	rootObject = 5B7C3F44193EC9DB0004CC76 /* Project object */;
}
